<?xml version="1.0" encoding="utf-8"?>
<Project ToolsVersion="4.0" xmlns="http://schemas.microsoft.com/developer/msbuild/2003">
  <ItemGroup>
    <Filter Include="Source Files">
      <UniqueIdentifier>{4FC737F1-C7A5-4376-A066-2A32D752A2FF}</UniqueIdentifier>
      <Extensions>cpp;c;cc;cxx;def;odl;idl;hpj;bat;asm;asmx</Extensions>
    </Filter>
    <Filter Include="Header Files">
      <UniqueIdentifier>{93995380-89BD-4b04-88EB-625FBE52EBFB}</UniqueIdentifier>
      <Extensions>h;hh;hpp;hxx;hm;inl;inc;xsd</Extensions>
    </Filter>
    <Filter Include="Resource Files">
      <UniqueIdentifier>{67DA6AB6-F800-4c08-8B7A-83BB121AAD01}</UniqueIdentifier>
      <Extensions>rc;ico;cur;bmp;dlg;rc2;rct;bin;rgs;gif;jpg;jpeg;jpe;resx;tiff;tif;png;wav;mfcribbon-ms</Extensions>
    </Filter>
    <Filter Include="Resource Files\shaders">
      <UniqueIdentifier>{dcbcf045-c131-4904-9908-517bef4a57ab}</UniqueIdentifier>
    </Filter>
    <Filter Include="Resource Files\textures">
      <UniqueIdentifier>{39fcb604-df9e-4446-8940-48d1cb7d5fa3}</UniqueIdentifier>
    </Filter>
    <Filter Include="Resource Files\models">
      <UniqueIdentifier>{96b1f735-4f85-407b-8b1f-579e1a7809f9}</UniqueIdentifier>
    </Filter>
    <Filter Include="Resource Files\models\barrel">
      <UniqueIdentifier>{69059734-48bc-42f9-ae3e-b7c8e55139d1}</UniqueIdentifier>
    </Filter>
    <Filter Include="Resource Files\models\yoda">
      <UniqueIdentifier>{e887271c-df2f-4fe1-932d-24d406b81fa9}</UniqueIdentifier>
    </Filter>
    <Filter Include="Resource Files\textures\ibl">
      <UniqueIdentifier>{2237a1b0-23e4-4b47-a5ae-64533caeb2f1}</UniqueIdentifier>
    </Filter>
    <Filter Include="Resource Files\textures\ibl\cubemaps">
      <UniqueIdentifier>{ffdbbfc1-1c38-4ec1-8b07-a7376dd33cb2}</UniqueIdentifier>
    </Filter>
    <Filter Include="Resource Files\textures\ibl\cubemaps\golden-gate-bridge">
      <UniqueIdentifier>{2448c9a9-4674-4d08-bda3-6dc06f6c4a0f}</UniqueIdentifier>
    </Filter>
    <Filter Include="Resource Files\models\kungfu-panda">
      <UniqueIdentifier>{63197cb5-0c5f-4db5-bfa9-7767ddadc39f}</UniqueIdentifier>
    </Filter>
  </ItemGroup>
  <ItemGroup>
    <ClCompile Include="main.cpp">
      <Filter>Source Files</Filter>
    </ClCompile>
    <ClCompile Include="ghosts.cpp">
      <Filter>Source Files</Filter>
    </ClCompile>
    <ClCompile Include="model.cpp">
      <Filter>Source Files</Filter>
    </ClCompile>
    <ClCompile Include="graphics.cpp">
      <Filter>Source Files</Filter>
    </ClCompile>
    <ClCompile Include="compute.cpp">
      <Filter>Source Files</Filter>
    </ClCompile>
    <ClCompile Include="material.cpp">
      <Filter>Source Files</Filter>
    </ClCompile>
    <ClCompile Include="loader.cpp">
      <Filter>Source Files</Filter>
    </ClCompile>
    <ClCompile Include="logging.cpp">
      <Filter>Source Files</Filter>
    </ClCompile>
    <ClCompile Include="format.cpp">
      <Filter>Source Files</Filter>
    </ClCompile>
    <ClCompile Include="mesh.cpp">
      <Filter>Source Files</Filter>
    </ClCompile>
    <ClCompile Include="texture.cpp">
      <Filter>Source Files</Filter>
    </ClCompile>
    <ClCompile Include="line_batcher.cpp">
      <Filter>Source Files</Filter>
    </ClCompile>
  </ItemGroup>
  <ItemGroup>
    <ClInclude Include="ghosts.hpp">
      <Filter>Header Files</Filter>
    </ClInclude>
    <ClInclude Include="model.hpp">
      <Filter>Header Files</Filter>
    </ClInclude>
    <ClInclude Include="graphics.hpp">
      <Filter>Header Files</Filter>
    </ClInclude>
    <ClInclude Include="ogl.hpp">
      <Filter>Header Files</Filter>
    </ClInclude>
    <ClInclude Include="compute.hpp">
      <Filter>Header Files</Filter>
    </ClInclude>
    <ClInclude Include="material.hpp">
      <Filter>Header Files</Filter>
    </ClInclude>
    <ClInclude Include="mesh.hpp">
      <Filter>Header Files</Filter>
    </ClInclude>
    <ClInclude Include="transform.hpp">
      <Filter>Header Files</Filter>
    </ClInclude>
    <ClInclude Include="logging.hpp">
      <Filter>Header Files</Filter>
    </ClInclude>
    <ClInclude Include="format.hpp">
      <Filter>Header Files</Filter>
    </ClInclude>
    <ClInclude Include="texture.hpp">
      <Filter>Header Files</Filter>
    </ClInclude>
    <ClInclude Include="resource.hpp">
      <Filter>Header Files</Filter>
    </ClInclude>
    <ClInclude Include="line_batcher.hpp">
      <Filter>Header Files</Filter>
    </ClInclude>
  </ItemGroup>
  <ItemGroup>
    <None Include="data\models\yoda\yoda-head.awf">
      <Filter>Resource Files\models\yoda</Filter>
    </None>
    <None Include="data\models\yoda\yoda-head.mtl">
      <Filter>Resource Files\models\yoda</Filter>
    </None>
    <None Include="data\models\barrel\barrel.awf">
      <Filter>Resource Files\models\barrel</Filter>
    </None>
    <None Include="data\models\barrel\barrel.mtl">
      <Filter>Resource Files\models\barrel</Filter>
    </None>
    <None Include="data\shaders\pbr.frag">
      <Filter>Resource Files\shaders</Filter>
    </None>
    <None Include="data\shaders\pbr.vert">
      <Filter>Resource Files\shaders</Filter>
    </None>
    <None Include="data\models\kungfu-panda\kungfu.awf">
      <Filter>Resource Files\models\kungfu-panda</Filter>
    </None>
    <None Include="data\models\kungfu-panda\kungfu.mtl">
      <Filter>Resource Files\models\kungfu-panda</Filter>
    </None>
    <None Include="data\shaders\line.frag">
      <Filter>Resource Files\shaders</Filter>
    </None>
    <None Include="data\shaders\line.vert">
      <Filter>Resource Files\shaders</Filter>
    </None>
  </ItemGroup>
  <ItemGroup>
    <Image Include="data\models\yoda\body.dds">
      <Filter>Resource Files\models\yoda</Filter>
    </Image>
    <Image Include="data\models\yoda\body_b.dds">
      <Filter>Resource Files\models\yoda</Filter>
    </Image>
    <Image Include="data\models\yoda\body_s.dds">
      <Filter>Resource Files\models\yoda</Filter>
    </Image>
    <Image Include="data\models\yoda\Eye.dds">
      <Filter>Resource Files\models\yoda</Filter>
    </Image>
    <Image Include="data\models\yoda\Head.dds">
      <Filter>Resource Files\models\yoda</Filter>
    </Image>
    <Image Include="data\models\yoda\Head_b.dds">
      <Filter>Resource Files\models\yoda</Filter>
    </Image>
    <Image Include="data\models\yoda\Head_s.dds">
      <Filter>Resource Files\models\yoda</Filter>
    </Image>
    <Image Include="data\models\yoda\Limbs.dds">
      <Filter>Resource Files\models\yoda</Filter>
    </Image>
    <Image Include="data\models\yoda\Limbs_b.dds">
      <Filter>Resource Files\models\yoda</Filter>
    </Image>
    <Image Include="data\models\yoda\Stick.dds">
      <Filter>Resource Files\models\yoda</Filter>
    </Image>
    <Image Include="data\models\barrel\Barrel_01_Color.dds">
      <Filter>Resource Files\models\barrel</Filter>
    </Image>
    <Image Include="data\models\barrel\Barrel_01_Height.dds">
      <Filter>Resource Files\models\barrel</Filter>
    </Image>
    <Image Include="data\models\barrel\Barrel_01_Normal.dds">
      <Filter>Resource Files\models\barrel</Filter>
    </Image>
    <Image Include="data\models\barrel\Barrel_01_Roughness.dds">
      <Filter>Resource Files\models\barrel</Filter>
    </Image>
    <Image Include="data\models\barrel\Barrel_01_Shiness.dds">
      <Filter>Resource Files\models\barrel</Filter>
    </Image>
    <Image Include="data\textures\ibl\cubemaps\golden-gate-bridge\negx.dds">
      <Filter>Resource Files\textures\ibl\cubemaps\golden-gate-bridge</Filter>
    </Image>
    <Image Include="data\textures\ibl\cubemaps\golden-gate-bridge\negy.dds">
      <Filter>Resource Files\textures\ibl\cubemaps\golden-gate-bridge</Filter>
    </Image>
    <Image Include="data\textures\ibl\cubemaps\golden-gate-bridge\negz.dds">
      <Filter>Resource Files\textures\ibl\cubemaps\golden-gate-bridge</Filter>
    </Image>
    <Image Include="data\textures\ibl\cubemaps\golden-gate-bridge\posx.dds">
      <Filter>Resource Files\textures\ibl\cubemaps\golden-gate-bridge</Filter>
    </Image>
    <Image Include="data\textures\ibl\cubemaps\golden-gate-bridge\posy.dds">
      <Filter>Resource Files\textures\ibl\cubemaps\golden-gate-bridge</Filter>
    </Image>
    <Image Include="data\textures\ibl\cubemaps\golden-gate-bridge\posz.dds">
      <Filter>Resource Files\textures\ibl\cubemaps\golden-gate-bridge</Filter>
    </Image>
    <Image Include="data\models\barrel\Barrel_01_Metalness.dds">
      <Filter>Resource Files\models\barrel</Filter>
    </Image>
    <Image Include="data\models\kungfu-panda\0d0194c2.dds">
      <Filter>Resource Files\models\kungfu-panda</Filter>
    </Image>
    <Image Include="data\models\kungfu-panda\1c72c491.dds">
      <Filter>Resource Files\models\kungfu-panda</Filter>
    </Image>
    <Image Include="data\models\kungfu-panda\2fa75e05.dds">
      <Filter>Resource Files\models\kungfu-panda</Filter>
    </Image>
    <Image Include="data\models\kungfu-panda\3fb1a8aa.dds">
      <Filter>Resource Files\models\kungfu-panda</Filter>
    </Image>
    <Image Include="data\models\kungfu-panda\14cd25fd.dds">
      <Filter>Resource Files\models\kungfu-panda</Filter>
    </Image>
    <Image Include="data\models\kungfu-panda\58fe017d.dds">
      <Filter>Resource Files\models\kungfu-panda</Filter>
    </Image>
    <Image Include="data\models\kungfu-panda\70b79c9b.dds">
      <Filter>Resource Files\models\kungfu-panda</Filter>
    </Image>
    <Image Include="data\models\kungfu-panda\cfd1e509.dds">
      <Filter>Resource Files\models\kungfu-panda</Filter>
    </Image>
  </ItemGroup>
</Project>