<?xml version="1.0" encoding="utf-8"?>
<Project ToolsVersion="4.0" xmlns="http://schemas.microsoft.com/developer/msbuild/2003">
  <ItemGroup>
    <Filter Include="Source Files">
      <UniqueIdentifier>{4FC737F1-C7A5-4376-A066-2A32D752A2FF}</UniqueIdentifier>
      <Extensions>cpp;c;cc;cxx;def;odl;idl;hpj;bat;asm;asmx</Extensions>
    </Filter>
    <Filter Include="Header Files">
      <UniqueIdentifier>{93995380-89BD-4b04-88EB-625FBE52EBFB}</UniqueIdentifier>
      <Extensions>h;hh;hpp;hxx;hm;inl;inc;xsd</Extensions>
    </Filter>
    <Filter Include="Resource Files">
      <UniqueIdentifier>{67DA6AB6-F800-4c08-8B7A-83BB121AAD01}</UniqueIdentifier>
      <Extensions>rc;ico;cur;bmp;dlg;rc2;rct;bin;rgs;gif;jpg;jpeg;jpe;resx;tiff;tif;png;wav;mfcribbon-ms</Extensions>
    </Filter>
    <Filter Include="Shader Filers">
      <UniqueIdentifier>{6fffca1f-304a-4cb8-be66-38960e2cb258}</UniqueIdentifier>
    </Filter>
    <Filter Include="Resource Files\yoda">
      <UniqueIdentifier>{e887271c-df2f-4fe1-932d-24d406b81fa9}</UniqueIdentifier>
    </Filter>
    <Filter Include="Resource Files\barrel">
      <UniqueIdentifier>{69059734-48bc-42f9-ae3e-b7c8e55139d1}</UniqueIdentifier>
    </Filter>
  </ItemGroup>
  <ItemGroup>
    <ClCompile Include="main.cpp">
      <Filter>Source Files</Filter>
    </ClCompile>
    <ClCompile Include="ghosts.cpp">
      <Filter>Source Files</Filter>
    </ClCompile>
    <ClCompile Include="model.cpp">
      <Filter>Source Files</Filter>
    </ClCompile>
    <ClCompile Include="graphics.cpp">
      <Filter>Source Files</Filter>
    </ClCompile>
    <ClCompile Include="compute.cpp">
      <Filter>Source Files</Filter>
    </ClCompile>
    <ClCompile Include="material.cpp">
      <Filter>Source Files</Filter>
    </ClCompile>
    <ClCompile Include="loader.cpp">
      <Filter>Source Files</Filter>
    </ClCompile>
    <ClCompile Include="logging.cpp">
      <Filter>Source Files</Filter>
    </ClCompile>
    <ClCompile Include="format.cpp">
      <Filter>Source Files</Filter>
    </ClCompile>
    <ClCompile Include="mesh.cpp">
      <Filter>Source Files</Filter>
    </ClCompile>
    <ClCompile Include="texture.cpp">
      <Filter>Source Files</Filter>
    </ClCompile>
  </ItemGroup>
  <ItemGroup>
    <ClInclude Include="ghosts.hpp">
      <Filter>Header Files</Filter>
    </ClInclude>
    <ClInclude Include="model.hpp">
      <Filter>Header Files</Filter>
    </ClInclude>
    <ClInclude Include="graphics.hpp">
      <Filter>Header Files</Filter>
    </ClInclude>
    <ClInclude Include="ogl.hpp">
      <Filter>Header Files</Filter>
    </ClInclude>
    <ClInclude Include="compute.hpp">
      <Filter>Header Files</Filter>
    </ClInclude>
    <ClInclude Include="material.hpp">
      <Filter>Header Files</Filter>
    </ClInclude>
    <ClInclude Include="mesh.hpp">
      <Filter>Header Files</Filter>
    </ClInclude>
    <ClInclude Include="transform.hpp">
      <Filter>Header Files</Filter>
    </ClInclude>
    <ClInclude Include="logging.hpp">
      <Filter>Header Files</Filter>
    </ClInclude>
    <ClInclude Include="format.hpp">
      <Filter>Header Files</Filter>
    </ClInclude>
    <ClInclude Include="texture.hpp">
      <Filter>Header Files</Filter>
    </ClInclude>
    <ClInclude Include="resource.hpp">
      <Filter>Header Files</Filter>
    </ClInclude>
  </ItemGroup>
  <ItemGroup>
    <None Include="data\shaders\pbr.frag">
      <Filter>Shader Filers</Filter>
    </None>
    <None Include="data\shaders\pbr.vert">
      <Filter>Shader Filers</Filter>
    </None>
    <None Include="data\models\yoda\yoda-head.awf">
      <Filter>Resource Files\yoda</Filter>
    </None>
    <None Include="data\models\yoda\yoda-head.mtl">
      <Filter>Resource Files\yoda</Filter>
    </None>
    <None Include="data\models\barrel\barrel.awf">
      <Filter>Resource Files\barrel</Filter>
    </None>
    <None Include="data\models\barrel\barrel.mtl">
      <Filter>Resource Files\barrel</Filter>
    </None>
  </ItemGroup>
  <ItemGroup>
    <Image Include="data\models\yoda\body.dds">
      <Filter>Resource Files\yoda</Filter>
    </Image>
    <Image Include="data\models\yoda\body_b.dds">
      <Filter>Resource Files\yoda</Filter>
    </Image>
    <Image Include="data\models\yoda\body_s.dds">
      <Filter>Resource Files\yoda</Filter>
    </Image>
    <Image Include="data\models\yoda\Eye.dds">
      <Filter>Resource Files\yoda</Filter>
    </Image>
    <Image Include="data\models\yoda\Head.dds">
      <Filter>Resource Files\yoda</Filter>
    </Image>
    <Image Include="data\models\yoda\Head_b.dds">
      <Filter>Resource Files\yoda</Filter>
    </Image>
    <Image Include="data\models\yoda\Head_s.dds">
      <Filter>Resource Files\yoda</Filter>
    </Image>
    <Image Include="data\models\yoda\Limbs.dds">
      <Filter>Resource Files\yoda</Filter>
    </Image>
    <Image Include="data\models\yoda\Limbs_b.dds">
      <Filter>Resource Files\yoda</Filter>
    </Image>
    <Image Include="data\models\yoda\Stick.dds">
      <Filter>Resource Files\yoda</Filter>
    </Image>
    <Image Include="data\models\barrel\Barrel_01_Color.dds">
      <Filter>Resource Files\barrel</Filter>
    </Image>
    <Image Include="data\models\barrel\Barrel_01_Height.dds">
      <Filter>Resource Files\barrel</Filter>
    </Image>
    <Image Include="data\models\barrel\Barrel_01_Normal.dds">
      <Filter>Resource Files\barrel</Filter>
    </Image>
    <Image Include="data\models\barrel\Barrel_01_Roughness.dds">
      <Filter>Resource Files\barrel</Filter>
    </Image>
    <Image Include="data\models\barrel\Barrel_01_Shiness.dds">
      <Filter>Resource Files\barrel</Filter>
    </Image>
    <Image Include="data\models\barrel\Barrel_01_Metallic.dds">
      <Filter>Resource Files\barrel</Filter>
    </Image>
  </ItemGroup>
  <ItemGroup>
    <Object Include="data\models\barrel\Barrel_01.obj">
      <Filter>Resource Files\barrel</Filter>
    </Object>
  </ItemGroup>
</Project>